
Microsoft Visual Studio Solution File, Format Version 12.00
# Visual Studio Version 17
VisualStudioVersion = 17.2.32505.173
MinimumVisualStudioVersion = 10.0.40219.1
Project("{8BC9CEB8-8B4A-11D0-8D11-00A0C91BC942}") = "tp_assist", "tp_assist.vs2020.vcxproj", "{63B7A8F2-9722-487C-A92A-3DB5D8CA1473}"
EndProject
Global
	GlobalSection(SolutionConfigurationPlatforms) = preSolution
		Debug|x86 = Debug|x86
		Release|x86 = Release|x86
	EndGlobalSection
	GlobalSection(ProjectConfigurationPlatforms) = postSolution
		{63B7A8F2-9722-487C-A92A-3DB5D8CA1473}.Debug|x86.ActiveCfg = Debug|Win32
		{63B7A8F2-9722-487C-A92A-3DB5D8CA1473}.Debug|x86.Build.0 = Debug|Win32
		{63B7A8F2-9722-487C-A92A-3DB5D8CA1473}.Release|x86.ActiveCfg = Release|Win32
		{63B7A8F2-9722-487C-A92A-3DB5D8CA1473}.Release|x86.Build.0 = Release|Win32
	EndGlobalSection
	GlobalSection(SolutionProperties) = preSolution
		HideSolutionNode = FALSE
	EndGlobalSection
	GlobalSection(ExtensibilityGlobals) = postSolution
		SolutionGuid = {397ABE48-C68C-4ECB-BABF-978C775AC9CB}
	EndGlobalSection
EndGlobal
